// !$*UTF8*$!
{
	archiveVersion = 1;
	classes = {
	};
	objectVersion = 55;
	objects = {

/* Begin PBXBuildFile section */
		8A5ED811C11F0CF67CE93A61 /* Pods_One_Store_Player.framework in Frameworks */ = {isa = PBXBuildFile; fileRef = FB8D477EAEAF42B3F4EE2098 /* Pods_One_Store_Player.framework */; };
		D003EB0E294CC06100D625B8 /* EPGLiveView.swift in Sources */ = {isa = PBXBuildFile; fileRef = D003EB0D294CC06100D625B8 /* EPGLiveView.swift */; };
		D003EB11294CC8B100D625B8 /* XMLMapper in Frameworks */ = {isa = PBXBuildFile; productRef = D003EB10294CC8B100D625B8 /* XMLMapper */; };
		D00926012922B29D0093648A /* UserListView.swift in Sources */ = {isa = PBXBuildFile; fileRef = D00926002922B29D0093648A /* UserListView.swift */; };
		D00926042922B9360093648A /* UserAccountInfoView.swift in Sources */ = {isa = PBXBuildFile; fileRef = D00926032922B9360093648A /* UserAccountInfoView.swift */; };
		D041377729362A2600EC4723 /* MovieCategoriesModel.swift in Sources */ = {isa = PBXBuildFile; fileRef = D041377629362A2600EC4723 /* MovieCategoriesModel.swift */; };
		D041377929362A9300EC4723 /* ModernLayoutViewModel.swift in Sources */ = {isa = PBXBuildFile; fileRef = D041377829362A9300EC4723 /* ModernLayoutViewModel.swift */; };
		D041377B29362DBA00EC4723 /* MovieModel.swift in Sources */ = {isa = PBXBuildFile; fileRef = D041377A29362DBA00EC4723 /* MovieModel.swift */; };
		D0424C932951F78200CC316A /* ToastUI in Frameworks */ = {isa = PBXBuildFile; productRef = D0424C922951F78200CC316A /* ToastUI */; };
		D04339E02930E54E00213D85 /* LIveTVView.swift in Sources */ = {isa = PBXBuildFile; fileRef = D04339DF2930E54E00213D85 /* LIveTVView.swift */; };
		D04339E2293139D700213D85 /* TVOS Settings.swift in Sources */ = {isa = PBXBuildFile; fileRef = D04339E1293139D700213D85 /* TVOS Settings.swift */; };
		D048C32129292AF4001B4DD0 /* WatchView.swift in Sources */ = {isa = PBXBuildFile; fileRef = D048C32029292AF4001B4DD0 /* WatchView.swift */; };
		D064B7582950789200D7B0B6 /* CatchUpView.swift in Sources */ = {isa = PBXBuildFile; fileRef = D064B7572950789200D7B0B6 /* CatchUpView.swift */; };
		D064B75A2950A31C00D7B0B6 /* StartView.swift in Sources */ = {isa = PBXBuildFile; fileRef = D064B7592950A31C00D7B0B6 /* StartView.swift */; };
		D07CF829291BFCBF00EFEFFA /* ModernLayoutView.swift in Sources */ = {isa = PBXBuildFile; fileRef = D07CF828291BFCBF00EFEFFA /* ModernLayoutView.swift */; };
		D07CF82B291BFD4100EFEFFA /* CollectionView.swift in Sources */ = {isa = PBXBuildFile; fileRef = D07CF82A291BFD4100EFEFFA /* CollectionView.swift */; };
		D07CF82D291BFDB000EFEFFA /* ClassicLayoutView.swift in Sources */ = {isa = PBXBuildFile; fileRef = D07CF82C291BFDB000EFEFFA /* ClassicLayoutView.swift */; };
		D07CF830291C00D200EFEFFA /* SettingsView.swift in Sources */ = {isa = PBXBuildFile; fileRef = D07CF82F291C00D200EFEFFA /* SettingsView.swift */; };
		D07CF832291C055E00EFEFFA /* NavigationHeaderView.swift in Sources */ = {isa = PBXBuildFile; fileRef = D07CF831291C055E00EFEFFA /* NavigationHeaderView.swift */; };
		D07CF83A291C260800EFEFFA /* cairo_light.ttf in Resources */ = {isa = PBXBuildFile; fileRef = D07CF837291C260800EFEFFA /* cairo_light.ttf */; };
		D07CF83B291C260800EFEFFA /* cairo_regular.ttf in Resources */ = {isa = PBXBuildFile; fileRef = D07CF838291C260800EFEFFA /* cairo_regular.ttf */; };
		D07CF83C291C265C00EFEFFA /* cairo_bold.ttf in Resources */ = {isa = PBXBuildFile; fileRef = D07CF836291C260700EFEFFA /* cairo_bold.ttf */; };
		D0840003291670FB00465873 /* Preview Assets.xcassets in Resources */ = {isa = PBXBuildFile; fileRef = D0840002291670FB00465873 /* Preview Assets.xcassets */; };
		D084000D291684E400465873 /* LoginView.swift in Sources */ = {isa = PBXBuildFile; fileRef = D084000C291684E400465873 /* LoginView.swift */; };
		D0840017291685C200465873 /* Helper.swift in Sources */ = {isa = PBXBuildFile; fileRef = D0840016291685C200465873 /* Helper.swift */; };
		D084001A291689AE00465873 /* Modifiers.swift in Sources */ = {isa = PBXBuildFile; fileRef = D0840019291689AE00465873 /* Modifiers.swift */; };
		D084001D29168B8D00465873 /* TextFieldView.swift in Sources */ = {isa = PBXBuildFile; fileRef = D084001C29168B8D00465873 /* TextFieldView.swift */; };
		D084001F2916A0C500465873 /* ButtonView.swift in Sources */ = {isa = PBXBuildFile; fileRef = D084001E2916A0C500465873 /* ButtonView.swift */; };
		D084FFFB291670F900465873 /* One_Store_PlayerApp.swift in Sources */ = {isa = PBXBuildFile; fileRef = D084FFFA291670F900465873 /* One_Store_PlayerApp.swift */; };
		D084FFFD291670F900465873 /* ContentView.swift in Sources */ = {isa = PBXBuildFile; fileRef = D084FFFC291670F900465873 /* ContentView.swift */; };
		D084FFFF291670FB00465873 /* Assets.xcassets in Resources */ = {isa = PBXBuildFile; fileRef = D084FFFE291670FB00465873 /* Assets.xcassets */; };
		D08583262959C150001A1B87 /* IJKController.swift in Sources */ = {isa = PBXBuildFile; fileRef = D08583242959C150001A1B87 /* IJKController.swift */; };
		D08583272959C150001A1B87 /* IJKController.xib in Resources */ = {isa = PBXBuildFile; fileRef = D08583252959C150001A1B87 /* IJKController.xib */; };
		D086321B2948A1200088142B /* SDWebImageSwiftUI in Frameworks */ = {isa = PBXBuildFile; productRef = D086321A2948A1200088142B /* SDWebImageSwiftUI */; };
		D0AA08D1293775B7009E9D55 /* SeriesView.swift in Sources */ = {isa = PBXBuildFile; fileRef = D0AA08D0293775B7009E9D55 /* SeriesView.swift */; };
		D0AFD464293667910064F487 /* SeriesModel.swift in Sources */ = {isa = PBXBuildFile; fileRef = D0AFD463293667910064F487 /* SeriesModel.swift */; };
		D0C6189D291917D000A9529A /* MoviesView.swift in Sources */ = {isa = PBXBuildFile; fileRef = D0C6189C291917D000A9529A /* MoviesView.swift */; };
		D0C6189F2919186E00A9529A /* Constants.swift in Sources */ = {isa = PBXBuildFile; fileRef = D0C6189E2919186D00A9529A /* Constants.swift */; };
		D0E65B25293B641B00DE3848 /* Localizable.strings in Resources */ = {isa = PBXBuildFile; fileRef = D0E65B27293B641B00DE3848 /* Localizable.strings */; };
		D0E65B2B293B98EC00DE3848 /* Fixtures&ScoresModel.swift in Sources */ = {isa = PBXBuildFile; fileRef = D0E65B2A293B98EC00DE3848 /* Fixtures&ScoresModel.swift */; };
		D0E65B2E293B997A00DE3848 /* FixturesScoresView.swift in Sources */ = {isa = PBXBuildFile; fileRef = D0E65B2D293B997A00DE3848 /* FixturesScoresView.swift */; };
		D0E65B30293B999900DE3848 /* FixturesScoresViewModel.swift in Sources */ = {isa = PBXBuildFile; fileRef = D0E65B2F293B999900DE3848 /* FixturesScoresViewModel.swift */; };
		D0EF924B2916DE8E003225F0 /* MainHomeView.swift in Sources */ = {isa = PBXBuildFile; fileRef = D0EF924A2916DE8E003225F0 /* MainHomeView.swift */; };
		D0F879F829324F5E00E5DD06 /* IptvView.swift in Sources */ = {isa = PBXBuildFile; fileRef = D0F879F729324F5E00E5DD06 /* IptvView.swift */; };
		D0FB64E729339EA0009C55C4 /* LoginViewModelExt.swift in Sources */ = {isa = PBXBuildFile; fileRef = D0FB64E629339E9F009C55C4 /* LoginViewModelExt.swift */; };
		D0FB64E92933AF23009C55C4 /* LoginModel.swift in Sources */ = {isa = PBXBuildFile; fileRef = D0FB64E82933AF23009C55C4 /* LoginModel.swift */; };
		D0FB64EE2933D73C009C55C4 /* LiveStreamingViewModel.swift in Sources */ = {isa = PBXBuildFile; fileRef = D0FB64ED2933D73C009C55C4 /* LiveStreamingViewModel.swift */; };
		D0FB64F02933D7E1009C55C4 /* Networking.swift in Sources */ = {isa = PBXBuildFile; fileRef = D0FB64EF2933D7E1009C55C4 /* Networking.swift */; };
		D0FB64F22933DBDB009C55C4 /* LiveStreamingsModel.swift in Sources */ = {isa = PBXBuildFile; fileRef = D0FB64F12933DBDB009C55C4 /* LiveStreamingsModel.swift */; };
/* End PBXBuildFile section */

/* Begin PBXCopyFilesBuildPhase section */
		D023A037294202120026D604 /* Embed Frameworks */ = {
			isa = PBXCopyFilesBuildPhase;
			buildActionMask = 2147483647;
			dstPath = "";
			dstSubfolderSpec = 10;
			files = (
			);
			name = "Embed Frameworks";
			runOnlyForDeploymentPostprocessing = 0;
		};
/* End PBXCopyFilesBuildPhase section */

/* Begin PBXFileReference section */
		518278E8058BA536750BD0A2 /* Pods-One Store Player.release.xcconfig */ = {isa = PBXFileReference; includeInIndex = 1; lastKnownFileType = text.xcconfig; name = "Pods-One Store Player.release.xcconfig"; path = "Target Support Files/Pods-One Store Player/Pods-One Store Player.release.xcconfig"; sourceTree = "<group>"; };
		5C44411DDFA630FC91D74376 /* Pods-One Store Player.debug.xcconfig */ = {isa = PBXFileReference; includeInIndex = 1; lastKnownFileType = text.xcconfig; name = "Pods-One Store Player.debug.xcconfig"; path = "Target Support Files/Pods-One Store Player/Pods-One Store Player.debug.xcconfig"; sourceTree = "<group>"; };
		D003EB0D294CC06100D625B8 /* EPGLiveView.swift */ = {isa = PBXFileReference; lastKnownFileType = sourcecode.swift; path = EPGLiveView.swift; sourceTree = "<group>"; };
		D00926002922B29D0093648A /* UserListView.swift */ = {isa = PBXFileReference; lastKnownFileType = sourcecode.swift; path = UserListView.swift; sourceTree = "<group>"; };
		D00926032922B9360093648A /* UserAccountInfoView.swift */ = {isa = PBXFileReference; lastKnownFileType = sourcecode.swift; path = UserAccountInfoView.swift; sourceTree = "<group>"; };
		D041377629362A2600EC4723 /* MovieCategoriesModel.swift */ = {isa = PBXFileReference; lastKnownFileType = sourcecode.swift; path = MovieCategoriesModel.swift; sourceTree = "<group>"; };
		D041377829362A9300EC4723 /* ModernLayoutViewModel.swift */ = {isa = PBXFileReference; lastKnownFileType = sourcecode.swift; path = ModernLayoutViewModel.swift; sourceTree = "<group>"; };
		D041377A29362DBA00EC4723 /* MovieModel.swift */ = {isa = PBXFileReference; lastKnownFileType = sourcecode.swift; path = MovieModel.swift; sourceTree = "<group>"; };
		D04339DF2930E54E00213D85 /* LIveTVView.swift */ = {isa = PBXFileReference; lastKnownFileType = sourcecode.swift; path = LIveTVView.swift; sourceTree = "<group>"; };
		D04339E1293139D700213D85 /* TVOS Settings.swift */ = {isa = PBXFileReference; lastKnownFileType = sourcecode.swift; path = "TVOS Settings.swift"; sourceTree = "<group>"; };
		D048C32029292AF4001B4DD0 /* WatchView.swift */ = {isa = PBXFileReference; lastKnownFileType = sourcecode.swift; path = WatchView.swift; sourceTree = "<group>"; };
		D05E9008295860C50073B23D /* MobileVLCKit.xcframework */ = {isa = PBXFileReference; lastKnownFileType = wrapper.xcframework; name = MobileVLCKit.xcframework; path = Carthage/Build/MobileVLCKit.xcframework; sourceTree = "<group>"; };
		D05E900A295862150073B23D /* TVVLCKit.xcframework */ = {isa = PBXFileReference; lastKnownFileType = wrapper.xcframework; name = TVVLCKit.xcframework; path = Carthage/Build/TVVLCKit.xcframework; sourceTree = "<group>"; };
		D064B7572950789200D7B0B6 /* CatchUpView.swift */ = {isa = PBXFileReference; lastKnownFileType = sourcecode.swift; path = CatchUpView.swift; sourceTree = "<group>"; };
		D064B7592950A31C00D7B0B6 /* StartView.swift */ = {isa = PBXFileReference; lastKnownFileType = sourcecode.swift; path = StartView.swift; sourceTree = "<group>"; };
		D07CF828291BFCBF00EFEFFA /* ModernLayoutView.swift */ = {isa = PBXFileReference; lastKnownFileType = sourcecode.swift; path = ModernLayoutView.swift; sourceTree = "<group>"; };
		D07CF82A291BFD4100EFEFFA /* CollectionView.swift */ = {isa = PBXFileReference; lastKnownFileType = sourcecode.swift; path = CollectionView.swift; sourceTree = "<group>"; };
		D07CF82C291BFDB000EFEFFA /* ClassicLayoutView.swift */ = {isa = PBXFileReference; lastKnownFileType = sourcecode.swift; path = ClassicLayoutView.swift; sourceTree = "<group>"; };
		D07CF82F291C00D200EFEFFA /* SettingsView.swift */ = {isa = PBXFileReference; lastKnownFileType = sourcecode.swift; path = SettingsView.swift; sourceTree = "<group>"; };
		D07CF831291C055E00EFEFFA /* NavigationHeaderView.swift */ = {isa = PBXFileReference; lastKnownFileType = sourcecode.swift; path = NavigationHeaderView.swift; sourceTree = "<group>"; };
		D07CF836291C260700EFEFFA /* cairo_bold.ttf */ = {isa = PBXFileReference; lastKnownFileType = file; path = cairo_bold.ttf; sourceTree = "<group>"; };
		D07CF837291C260800EFEFFA /* cairo_light.ttf */ = {isa = PBXFileReference; lastKnownFileType = file; path = cairo_light.ttf; sourceTree = "<group>"; };
		D07CF838291C260800EFEFFA /* cairo_regular.ttf */ = {isa = PBXFileReference; lastKnownFileType = file; path = cairo_regular.ttf; sourceTree = "<group>"; };
		D0840000291670FB00465873 /* One_Store_Player.entitlements */ = {isa = PBXFileReference; lastKnownFileType = text.plist.entitlements; path = One_Store_Player.entitlements; sourceTree = "<group>"; };
		D0840002291670FB00465873 /* Preview Assets.xcassets */ = {isa = PBXFileReference; lastKnownFileType = folder.assetcatalog; path = "Preview Assets.xcassets"; sourceTree = "<group>"; };
		D084000C291684E400465873 /* LoginView.swift */ = {isa = PBXFileReference; lastKnownFileType = sourcecode.swift; path = LoginView.swift; sourceTree = "<group>"; };
		D0840016291685C200465873 /* Helper.swift */ = {isa = PBXFileReference; lastKnownFileType = sourcecode.swift; path = Helper.swift; sourceTree = "<group>"; };
		D08400182916874500465873 /* One-Store-Player-Info.plist */ = {isa = PBXFileReference; lastKnownFileType = text.plist; path = "One-Store-Player-Info.plist"; sourceTree = SOURCE_ROOT; };
		D0840019291689AE00465873 /* Modifiers.swift */ = {isa = PBXFileReference; lastKnownFileType = sourcecode.swift; path = Modifiers.swift; sourceTree = "<group>"; };
		D084001C29168B8D00465873 /* TextFieldView.swift */ = {isa = PBXFileReference; lastKnownFileType = sourcecode.swift; path = TextFieldView.swift; sourceTree = "<group>"; };
		D084001E2916A0C500465873 /* ButtonView.swift */ = {isa = PBXFileReference; lastKnownFileType = sourcecode.swift; path = ButtonView.swift; sourceTree = "<group>"; };
		D084FFF7291670F900465873 /* One Store Player.app */ = {isa = PBXFileReference; explicitFileType = wrapper.application; includeInIndex = 0; path = "One Store Player.app"; sourceTree = BUILT_PRODUCTS_DIR; };
		D084FFFA291670F900465873 /* One_Store_PlayerApp.swift */ = {isa = PBXFileReference; lastKnownFileType = sourcecode.swift; path = One_Store_PlayerApp.swift; sourceTree = "<group>"; };
		D084FFFC291670F900465873 /* ContentView.swift */ = {isa = PBXFileReference; lastKnownFileType = sourcecode.swift; path = ContentView.swift; sourceTree = "<group>"; };
		D084FFFE291670FB00465873 /* Assets.xcassets */ = {isa = PBXFileReference; lastKnownFileType = folder.assetcatalog; path = Assets.xcassets; sourceTree = "<group>"; };
		D08583242959C150001A1B87 /* IJKController.swift */ = {isa = PBXFileReference; lastKnownFileType = sourcecode.swift; path = IJKController.swift; sourceTree = "<group>"; };
		D08583252959C150001A1B87 /* IJKController.xib */ = {isa = PBXFileReference; lastKnownFileType = file.xib; path = IJKController.xib; sourceTree = "<group>"; };
		D0AA08D0293775B7009E9D55 /* SeriesView.swift */ = {isa = PBXFileReference; lastKnownFileType = sourcecode.swift; path = SeriesView.swift; sourceTree = "<group>"; };
		D0AFD463293667910064F487 /* SeriesModel.swift */ = {isa = PBXFileReference; lastKnownFileType = sourcecode.swift; path = SeriesModel.swift; sourceTree = "<group>"; };
		D0C6189C291917D000A9529A /* MoviesView.swift */ = {isa = PBXFileReference; lastKnownFileType = sourcecode.swift; path = MoviesView.swift; sourceTree = "<group>"; };
		D0C6189E2919186D00A9529A /* Constants.swift */ = {isa = PBXFileReference; lastKnownFileType = sourcecode.swift; path = Constants.swift; sourceTree = "<group>"; };
		D0E65B26293B641B00DE3848 /* en */ = {isa = PBXFileReference; lastKnownFileType = text.plist.strings; name = en; path = en.lproj/Localizable.strings; sourceTree = "<group>"; };
		D0E65B28293B641D00DE3848 /* ar */ = {isa = PBXFileReference; lastKnownFileType = text.plist.strings; name = ar; path = ar.lproj/Localizable.strings; sourceTree = "<group>"; };
		D0E65B2A293B98EC00DE3848 /* Fixtures&ScoresModel.swift */ = {isa = PBXFileReference; lastKnownFileType = sourcecode.swift; path = "Fixtures&ScoresModel.swift"; sourceTree = "<group>"; };
		D0E65B2D293B997A00DE3848 /* FixturesScoresView.swift */ = {isa = PBXFileReference; lastKnownFileType = sourcecode.swift; path = FixturesScoresView.swift; sourceTree = "<group>"; };
		D0E65B2F293B999900DE3848 /* FixturesScoresViewModel.swift */ = {isa = PBXFileReference; lastKnownFileType = sourcecode.swift; path = FixturesScoresViewModel.swift; sourceTree = "<group>"; };
		D0EF924A2916DE8E003225F0 /* MainHomeView.swift */ = {isa = PBXFileReference; lastKnownFileType = sourcecode.swift; path = MainHomeView.swift; sourceTree = "<group>"; };
		D0F879F729324F5E00E5DD06 /* IptvView.swift */ = {isa = PBXFileReference; lastKnownFileType = sourcecode.swift; path = IptvView.swift; sourceTree = "<group>"; };
		D0FB64E629339E9F009C55C4 /* LoginViewModelExt.swift */ = {isa = PBXFileReference; lastKnownFileType = sourcecode.swift; path = LoginViewModelExt.swift; sourceTree = "<group>"; };
		D0FB64E82933AF23009C55C4 /* LoginModel.swift */ = {isa = PBXFileReference; lastKnownFileType = sourcecode.swift; path = LoginModel.swift; sourceTree = "<group>"; };
		D0FB64ED2933D73C009C55C4 /* LiveStreamingViewModel.swift */ = {isa = PBXFileReference; lastKnownFileType = sourcecode.swift; path = LiveStreamingViewModel.swift; sourceTree = "<group>"; };
		D0FB64EF2933D7E1009C55C4 /* Networking.swift */ = {isa = PBXFileReference; lastKnownFileType = sourcecode.swift; path = Networking.swift; sourceTree = "<group>"; };
		D0FB64F12933DBDB009C55C4 /* LiveStreamingsModel.swift */ = {isa = PBXFileReference; lastKnownFileType = sourcecode.swift; path = LiveStreamingsModel.swift; sourceTree = "<group>"; };
		FB8D477EAEAF42B3F4EE2098 /* Pods_One_Store_Player.framework */ = {isa = PBXFileReference; explicitFileType = wrapper.framework; includeInIndex = 0; path = Pods_One_Store_Player.framework; sourceTree = BUILT_PRODUCTS_DIR; };
/* End PBXFileReference section */

/* Begin PBXFrameworksBuildPhase section */
		D084FFF4291670F900465873 /* Frameworks */ = {
			isa = PBXFrameworksBuildPhase;
			buildActionMask = 2147483647;
			files = (
				D0424C932951F78200CC316A /* ToastUI in Frameworks */,
				D003EB11294CC8B100D625B8 /* XMLMapper in Frameworks */,
				D086321B2948A1200088142B /* SDWebImageSwiftUI in Frameworks */,
				8A5ED811C11F0CF67CE93A61 /* Pods_One_Store_Player.framework in Frameworks */,
			);
			runOnlyForDeploymentPostprocessing = 0;
		};
/* End PBXFrameworksBuildPhase section */

/* Begin PBXGroup section */
		56BC74BBCF857D3197855C14 /* Pods */ = {
			isa = PBXGroup;
			children = (
				5C44411DDFA630FC91D74376 /* Pods-One Store Player.debug.xcconfig */,
				518278E8058BA536750BD0A2 /* Pods-One Store Player.release.xcconfig */,
			);
			path = Pods;
			sourceTree = "<group>";
		};
		D003EB0C294CC01A00D625B8 /* EPGLive */ = {
			isa = PBXGroup;
			children = (
				D003EB0D294CC06100D625B8 /* EPGLiveView.swift */,
			);
			path = EPGLive;
			sourceTree = "<group>";
		};
		D00925FF2922B27B0093648A /* ListUsers */ = {
			isa = PBXGroup;
			children = (
				D00926002922B29D0093648A /* UserListView.swift */,
			);
			path = ListUsers;
			sourceTree = "<group>";
		};
		D00926022922B9180093648A /* UserAccountInfoView */ = {
			isa = PBXGroup;
			children = (
				D00926032922B9360093648A /* UserAccountInfoView.swift */,
			);
			path = UserAccountInfoView;
			sourceTree = "<group>";
		};
		D023A033294202110026D604 /* Frameworks */ = {
			isa = PBXGroup;
			children = (
				D05E900A295862150073B23D /* TVVLCKit.xcframework */,
				D05E9008295860C50073B23D /* MobileVLCKit.xcframework */,
				FB8D477EAEAF42B3F4EE2098 /* Pods_One_Store_Player.framework */,
			);
			name = Frameworks;
			sourceTree = "<group>";
		};
		D048C31E29292877001B4DD0 /* Live TV */ = {
			isa = PBXGroup;
			children = (
				D04339DF2930E54E00213D85 /* LIveTVView.swift */,
			);
			path = "Live TV";
			sourceTree = "<group>";
		};
		D048C31F29292ADF001B4DD0 /* WatchView */ = {
			isa = PBXGroup;
			children = (
				D048C32029292AF4001B4DD0 /* WatchView.swift */,
			);
			path = WatchView;
			sourceTree = "<group>";
		};
		D064B756295076A300D7B0B6 /* CatchUpView */ = {
			isa = PBXGroup;
			children = (
				D064B7572950789200D7B0B6 /* CatchUpView.swift */,
			);
			path = CatchUpView;
			sourceTree = "<group>";
		};
		D07CF82E291C00BF00EFEFFA /* SettingsView */ = {
			isa = PBXGroup;
			children = (
				D07CF82F291C00D200EFEFFA /* SettingsView.swift */,
				D04339E1293139D700213D85 /* TVOS Settings.swift */,
			);
			path = SettingsView;
			sourceTree = "<group>";
		};
		D0840001291670FB00465873 /* Preview Content */ = {
			isa = PBXGroup;
			children = (
				D0840002291670FB00465873 /* Preview Assets.xcassets */,
			);
			path = "Preview Content";
			sourceTree = "<group>";
		};
		D0840009291684B900465873 /* Views */ = {
			isa = PBXGroup;
			children = (
				D064B756295076A300D7B0B6 /* CatchUpView */,
				D003EB0C294CC01A00D625B8 /* EPGLive */,
				D0E65B2C293B995C00DE3848 /* FixturesScoresView */,
				D048C31F29292ADF001B4DD0 /* WatchView */,
				D048C31E29292877001B4DD0 /* Live TV */,
				D00926022922B9180093648A /* UserAccountInfoView */,
				D00925FF2922B27B0093648A /* ListUsers */,
				D07CF82E291C00BF00EFEFFA /* SettingsView */,
				D0C6189B291917B700A9529A /* MoviesView */,
				D084001B29168B7B00465873 /* SubViews */,
				D084000C291684E400465873 /* LoginView.swift */,
				D0EF924A2916DE8E003225F0 /* MainHomeView.swift */,
				D07CF828291BFCBF00EFEFFA /* ModernLayoutView.swift */,
				D0AA08D0293775B7009E9D55 /* SeriesView.swift */,
				D064B7592950A31C00D7B0B6 /* StartView.swift */,
			);
			path = Views;
			sourceTree = "<group>";
		};
		D084000A291684C500465873 /* View Models */ = {
			isa = PBXGroup;
			children = (
				D0FB64E629339E9F009C55C4 /* LoginViewModelExt.swift */,
				D0FB64ED2933D73C009C55C4 /* LiveStreamingViewModel.swift */,
				D041377829362A9300EC4723 /* ModernLayoutViewModel.swift */,
				D0E65B2F293B999900DE3848 /* FixturesScoresViewModel.swift */,
			);
			path = "View Models";
			sourceTree = "<group>";
		};
		D084000B291684D000465873 /* Models */ = {
			isa = PBXGroup;
			children = (
				D0FB64E82933AF23009C55C4 /* LoginModel.swift */,
				D0FB64F12933DBDB009C55C4 /* LiveStreamingsModel.swift */,
				D041377629362A2600EC4723 /* MovieCategoriesModel.swift */,
				D041377A29362DBA00EC4723 /* MovieModel.swift */,
				D0AFD463293667910064F487 /* SeriesModel.swift */,
				D0E65B2A293B98EC00DE3848 /* Fixtures&ScoresModel.swift */,
			);
			path = Models;
			sourceTree = "<group>";
		};
		D084000E2916858000465873 /* CustomFonts */ = {
			isa = PBXGroup;
			children = (
				D07CF836291C260700EFEFFA /* cairo_bold.ttf */,
				D07CF837291C260800EFEFFA /* cairo_light.ttf */,
				D07CF838291C260800EFEFFA /* cairo_regular.ttf */,
			);
			path = CustomFonts;
			sourceTree = "<group>";
		};
		D0840015291685A900465873 /* Utils */ = {
			isa = PBXGroup;
			children = (
				D0840016291685C200465873 /* Helper.swift */,
				D0840019291689AE00465873 /* Modifiers.swift */,
				D0C6189E2919186D00A9529A /* Constants.swift */,
				D0FB64EF2933D7E1009C55C4 /* Networking.swift */,
			);
			path = Utils;
			sourceTree = "<group>";
		};
		D084001B29168B7B00465873 /* SubViews */ = {
			isa = PBXGroup;
			children = (
				D084001C29168B8D00465873 /* TextFieldView.swift */,
				D084001E2916A0C500465873 /* ButtonView.swift */,
				D07CF82A291BFD4100EFEFFA /* CollectionView.swift */,
				D07CF831291C055E00EFEFFA /* NavigationHeaderView.swift */,
			);
			path = SubViews;
			sourceTree = "<group>";
		};
		D084FFEE291670F900465873 = {
			isa = PBXGroup;
			children = (
				D0E65B27293B641B00DE3848 /* Localizable.strings */,
				D084FFF9291670F900465873 /* One Store Player */,
				D084FFF8291670F900465873 /* Products */,
				D023A033294202110026D604 /* Frameworks */,
				56BC74BBCF857D3197855C14 /* Pods */,
			);
			sourceTree = "<group>";
		};
		D084FFF8291670F900465873 /* Products */ = {
			isa = PBXGroup;
			children = (
				D084FFF7291670F900465873 /* One Store Player.app */,
			);
			name = Products;
			sourceTree = "<group>";
		};
		D084FFF9291670F900465873 /* One Store Player */ = {
			isa = PBXGroup;
			children = (
				D08583232959C130001A1B87 /* UIKitControllers */,
				D0F879F629324F2D00E5DD06 /* tvOS */,
				D08400182916874500465873 /* One-Store-Player-Info.plist */,
				D0840015291685A900465873 /* Utils */,
				D084000E2916858000465873 /* CustomFonts */,
				D084000B291684D000465873 /* Models */,
				D084000A291684C500465873 /* View Models */,
				D0840009291684B900465873 /* Views */,
				D084FFFA291670F900465873 /* One_Store_PlayerApp.swift */,
				D084FFFC291670F900465873 /* ContentView.swift */,
				D084FFFE291670FB00465873 /* Assets.xcassets */,
				D0840000291670FB00465873 /* One_Store_Player.entitlements */,
				D0840001291670FB00465873 /* Preview Content */,
			);
			path = "One Store Player";
			sourceTree = "<group>";
		};
		D08583232959C130001A1B87 /* UIKitControllers */ = {
			isa = PBXGroup;
			children = (
				D08583242959C150001A1B87 /* IJKController.swift */,
				D08583252959C150001A1B87 /* IJKController.xib */,
			);
			path = UIKitControllers;
			sourceTree = "<group>";
		};
		D0C6189B291917B700A9529A /* MoviesView */ = {
			isa = PBXGroup;
			children = (
				D0C6189C291917D000A9529A /* MoviesView.swift */,
				D07CF82C291BFDB000EFEFFA /* ClassicLayoutView.swift */,
			);
			path = MoviesView;
			sourceTree = "<group>";
		};
		D0E65B2C293B995C00DE3848 /* FixturesScoresView */ = {
			isa = PBXGroup;
			children = (
				D0E65B2D293B997A00DE3848 /* FixturesScoresView.swift */,
			);
			path = FixturesScoresView;
			sourceTree = "<group>";
		};
		D0F879F629324F2D00E5DD06 /* tvOS */ = {
			isa = PBXGroup;
			children = (
				D0F879F729324F5E00E5DD06 /* IptvView.swift */,
			);
			path = tvOS;
			sourceTree = "<group>";
		};
/* End PBXGroup section */

/* Begin PBXNativeTarget section */
		D084FFF6291670F900465873 /* One Store Player */ = {
			isa = PBXNativeTarget;
			buildConfigurationList = D0840006291670FB00465873 /* Build configuration list for PBXNativeTarget "One Store Player" */;
			buildPhases = (
				B46611BBF83B7ADD97E6A37D /* [CP] Check Pods Manifest.lock */,
				D084FFF3291670F900465873 /* Sources */,
				D084FFF4291670F900465873 /* Frameworks */,
				D084FFF5291670F900465873 /* Resources */,
				D023A037294202120026D604 /* Embed Frameworks */,
			);
			buildRules = (
			);
			dependencies = (
			);
			name = "One Store Player";
			packageProductDependencies = (
				D086321A2948A1200088142B /* SDWebImageSwiftUI */,
				D003EB10294CC8B100D625B8 /* XMLMapper */,
				D0424C922951F78200CC316A /* ToastUI */,
			);
			productName = "One Store Player";
			productReference = D084FFF7291670F900465873 /* One Store Player.app */;
			productType = "com.apple.product-type.application";
		};
/* End PBXNativeTarget section */

/* Begin PBXProject section */
		D084FFEF291670F900465873 /* Project object */ = {
			isa = PBXProject;
			attributes = {
				BuildIndependentTargetsInParallel = 1;
				LastSwiftUpdateCheck = 1400;
				LastUpgradeCheck = 1400;
				TargetAttributes = {
					D084FFF6291670F900465873 = {
						CreatedOnToolsVersion = 14.0;
					};
				};
			};
			buildConfigurationList = D084FFF2291670F900465873 /* Build configuration list for PBXProject "One Store Player" */;
			compatibilityVersion = "Xcode 13.0";
			developmentRegion = en;
			hasScannedForEncodings = 0;
			knownRegions = (
				en,
				ar,
				Base,
			);
			mainGroup = D084FFEE291670F900465873;
			packageReferences = (
				D08632192948A1200088142B /* XCRemoteSwiftPackageReference "SDWebImageSwiftUI" */,
				D003EB0F294CC8B100D625B8 /* XCRemoteSwiftPackageReference "XMLMapper" */,
				D0424C912951F78200CC316A /* XCRemoteSwiftPackageReference "ToastUI" */,
			);
			productRefGroup = D084FFF8291670F900465873 /* Products */;
			projectDirPath = "";
			projectRoot = "";
			targets = (
				D084FFF6291670F900465873 /* One Store Player */,
			);
		};
/* End PBXProject section */

/* Begin PBXResourcesBuildPhase section */
		D084FFF5291670F900465873 /* Resources */ = {
			isa = PBXResourcesBuildPhase;
			buildActionMask = 2147483647;
			files = (
				D07CF83C291C265C00EFEFFA /* cairo_bold.ttf in Resources */,
				D0E65B25293B641B00DE3848 /* Localizable.strings in Resources */,
				D07CF83A291C260800EFEFFA /* cairo_light.ttf in Resources */,
				D07CF83B291C260800EFEFFA /* cairo_regular.ttf in Resources */,
				D0840003291670FB00465873 /* Preview Assets.xcassets in Resources */,
				D084FFFF291670FB00465873 /* Assets.xcassets in Resources */,
				D08583272959C150001A1B87 /* IJKController.xib in Resources */,
			);
			runOnlyForDeploymentPostprocessing = 0;
		};
/* End PBXResourcesBuildPhase section */

/* Begin PBXShellScriptBuildPhase section */
		B46611BBF83B7ADD97E6A37D /* [CP] Check Pods Manifest.lock */ = {
			isa = PBXShellScriptBuildPhase;
			buildActionMask = 2147483647;
			files = (
			);
			inputFileListPaths = (
			);
			inputPaths = (
				"${PODS_PODFILE_DIR_PATH}/Podfile.lock",
				"${PODS_ROOT}/Manifest.lock",
			);
			name = "[CP] Check Pods Manifest.lock";
			outputFileListPaths = (
			);
			outputPaths = (
				"$(DERIVED_FILE_DIR)/Pods-One Store Player-checkManifestLockResult.txt",
			);
			runOnlyForDeploymentPostprocessing = 0;
			shellPath = /bin/sh;
			shellScript = "diff \"${PODS_PODFILE_DIR_PATH}/Podfile.lock\" \"${PODS_ROOT}/Manifest.lock\" > /dev/null\nif [ $? != 0 ] ; then\n    # print error to STDERR\n    echo \"error: The sandbox is not in sync with the Podfile.lock. Run 'pod install' or update your CocoaPods installation.\" >&2\n    exit 1\nfi\n# This output is used by Xcode 'outputs' to avoid re-running this script phase.\necho \"SUCCESS\" > \"${SCRIPT_OUTPUT_FILE_0}\"\n";
			showEnvVarsInLog = 0;
		};
/* End PBXShellScriptBuildPhase section */

/* Begin PBXSourcesBuildPhase section */
		D084FFF3291670F900465873 /* Sources */ = {
			isa = PBXSourcesBuildPhase;
			buildActionMask = 2147483647;
			files = (
				D084000D291684E400465873 /* LoginView.swift in Sources */,
				D07CF832291C055E00EFEFFA /* NavigationHeaderView.swift in Sources */,
				D0F879F829324F5E00E5DD06 /* IptvView.swift in Sources */,
				D04339E02930E54E00213D85 /* LIveTVView.swift in Sources */,
				D048C32129292AF4001B4DD0 /* WatchView.swift in Sources */,
				D0FB64EE2933D73C009C55C4 /* LiveStreamingViewModel.swift in Sources */,
				D084FFFD291670F900465873 /* ContentView.swift in Sources */,
				D00926012922B29D0093648A /* UserListView.swift in Sources */,
				D08583262959C150001A1B87 /* IJKController.swift in Sources */,
				D084001D29168B8D00465873 /* TextFieldView.swift in Sources */,
				D084FFFB291670F900465873 /* One_Store_PlayerApp.swift in Sources */,
				D07CF829291BFCBF00EFEFFA /* ModernLayoutView.swift in Sources */,
				D07CF82D291BFDB000EFEFFA /* ClassicLayoutView.swift in Sources */,
				D0E65B2E293B997A00DE3848 /* FixturesScoresView.swift in Sources */,
				D0840017291685C200465873 /* Helper.swift in Sources */,
				D07CF830291C00D200EFEFFA /* SettingsView.swift in Sources */,
				D064B7582950789200D7B0B6 /* CatchUpView.swift in Sources */,
				D0FB64F22933DBDB009C55C4 /* LiveStreamingsModel.swift in Sources */,
				D0FB64E92933AF23009C55C4 /* LoginModel.swift in Sources */,
				D07CF82B291BFD4100EFEFFA /* CollectionView.swift in Sources */,
				D041377929362A9300EC4723 /* ModernLayoutViewModel.swift in Sources */,
				D041377729362A2600EC4723 /* MovieCategoriesModel.swift in Sources */,
				D0C6189F2919186E00A9529A /* Constants.swift in Sources */,
				D084001A291689AE00465873 /* Modifiers.swift in Sources */,
				D0E65B2B293B98EC00DE3848 /* Fixtures&ScoresModel.swift in Sources */,
				D04339E2293139D700213D85 /* TVOS Settings.swift in Sources */,
				D041377B29362DBA00EC4723 /* MovieModel.swift in Sources */,
				D00926042922B9360093648A /* UserAccountInfoView.swift in Sources */,
				D0AFD464293667910064F487 /* SeriesModel.swift in Sources */,
				D0E65B30293B999900DE3848 /* FixturesScoresViewModel.swift in Sources */,
				D0EF924B2916DE8E003225F0 /* MainHomeView.swift in Sources */,
				D0FB64F02933D7E1009C55C4 /* Networking.swift in Sources */,
				D003EB0E294CC06100D625B8 /* EPGLiveView.swift in Sources */,
				D064B75A2950A31C00D7B0B6 /* StartView.swift in Sources */,
				D0AA08D1293775B7009E9D55 /* SeriesView.swift in Sources */,
				D0C6189D291917D000A9529A /* MoviesView.swift in Sources */,
				D0FB64E729339EA0009C55C4 /* LoginViewModelExt.swift in Sources */,
				D084001F2916A0C500465873 /* ButtonView.swift in Sources */,
			);
			runOnlyForDeploymentPostprocessing = 0;
		};
/* End PBXSourcesBuildPhase section */

/* Begin PBXVariantGroup section */
		D0E65B27293B641B00DE3848 /* Localizable.strings */ = {
			isa = PBXVariantGroup;
			children = (
				D0E65B26293B641B00DE3848 /* en */,
				D0E65B28293B641D00DE3848 /* ar */,
			);
			name = Localizable.strings;
			sourceTree = "<group>";
		};
/* End PBXVariantGroup section */

/* Begin XCBuildConfiguration section */
		D0840004291670FB00465873 /* Debug */ = {
			isa = XCBuildConfiguration;
			buildSettings = {
				ALWAYS_SEARCH_USER_PATHS = NO;
				CLANG_ANALYZER_NONNULL = YES;
				CLANG_ANALYZER_NUMBER_OBJECT_CONVERSION = YES_AGGRESSIVE;
				CLANG_CXX_LANGUAGE_STANDARD = "gnu++20";
				CLANG_ENABLE_MODULES = YES;
				CLANG_ENABLE_OBJC_ARC = YES;
				CLANG_ENABLE_OBJC_WEAK = YES;
				CLANG_WARN_BLOCK_CAPTURE_AUTORELEASING = YES;
				CLANG_WARN_BOOL_CONVERSION = YES;
				CLANG_WARN_COMMA = YES;
				CLANG_WARN_CONSTANT_CONVERSION = YES;
				CLANG_WARN_DEPRECATED_OBJC_IMPLEMENTATIONS = YES;
				CLANG_WARN_DIRECT_OBJC_ISA_USAGE = YES_ERROR;
				CLANG_WARN_DOCUMENTATION_COMMENTS = YES;
				CLANG_WARN_EMPTY_BODY = YES;
				CLANG_WARN_ENUM_CONVERSION = YES;
				CLANG_WARN_INFINITE_RECURSION = YES;
				CLANG_WARN_INT_CONVERSION = YES;
				CLANG_WARN_NON_LITERAL_NULL_CONVERSION = YES;
				CLANG_WARN_OBJC_IMPLICIT_RETAIN_SELF = YES;
				CLANG_WARN_OBJC_LITERAL_CONVERSION = YES;
				CLANG_WARN_OBJC_ROOT_CLASS = YES_ERROR;
				CLANG_WARN_QUOTED_INCLUDE_IN_FRAMEWORK_HEADER = YES;
				CLANG_WARN_RANGE_LOOP_ANALYSIS = YES;
				CLANG_WARN_STRICT_PROTOTYPES = YES;
				CLANG_WARN_SUSPICIOUS_MOVE = YES;
				CLANG_WARN_UNGUARDED_AVAILABILITY = YES_AGGRESSIVE;
				CLANG_WARN_UNREACHABLE_CODE = YES;
				CLANG_WARN__DUPLICATE_METHOD_MATCH = YES;
				COPY_PHASE_STRIP = NO;
				DEBUG_INFORMATION_FORMAT = dwarf;
				ENABLE_STRICT_OBJC_MSGSEND = YES;
				ENABLE_TESTABILITY = YES;
				GCC_C_LANGUAGE_STANDARD = gnu11;
				GCC_DYNAMIC_NO_PIC = NO;
				GCC_NO_COMMON_BLOCKS = YES;
				GCC_OPTIMIZATION_LEVEL = 0;
				GCC_PREPROCESSOR_DEFINITIONS = (
					"DEBUG=1",
					"$(inherited)",
				);
				GCC_WARN_64_TO_32_BIT_CONVERSION = YES;
				GCC_WARN_ABOUT_RETURN_TYPE = YES_ERROR;
				GCC_WARN_UNDECLARED_SELECTOR = YES;
				GCC_WARN_UNINITIALIZED_AUTOS = YES_AGGRESSIVE;
				GCC_WARN_UNUSED_FUNCTION = YES;
				GCC_WARN_UNUSED_VARIABLE = YES;
				IPHONEOS_DEPLOYMENT_TARGET = 14.0;
				MTL_ENABLE_DEBUG_INFO = INCLUDE_SOURCE;
				MTL_FAST_MATH = YES;
				ONLY_ACTIVE_ARCH = YES;
				SWIFT_ACTIVE_COMPILATION_CONDITIONS = DEBUG;
				SWIFT_EMIT_LOC_STRINGS = YES;
				SWIFT_OPTIMIZATION_LEVEL = "-Onone";
				TVOS_DEPLOYMENT_TARGET = 14.0;
			};
			name = Debug;
		};
		D0840005291670FB00465873 /* Release */ = {
			isa = XCBuildConfiguration;
			buildSettings = {
				ALWAYS_SEARCH_USER_PATHS = NO;
				CLANG_ANALYZER_NONNULL = YES;
				CLANG_ANALYZER_NUMBER_OBJECT_CONVERSION = YES_AGGRESSIVE;
				CLANG_CXX_LANGUAGE_STANDARD = "gnu++20";
				CLANG_ENABLE_MODULES = YES;
				CLANG_ENABLE_OBJC_ARC = YES;
				CLANG_ENABLE_OBJC_WEAK = YES;
				CLANG_WARN_BLOCK_CAPTURE_AUTORELEASING = YES;
				CLANG_WARN_BOOL_CONVERSION = YES;
				CLANG_WARN_COMMA = YES;
				CLANG_WARN_CONSTANT_CONVERSION = YES;
				CLANG_WARN_DEPRECATED_OBJC_IMPLEMENTATIONS = YES;
				CLANG_WARN_DIRECT_OBJC_ISA_USAGE = YES_ERROR;
				CLANG_WARN_DOCUMENTATION_COMMENTS = YES;
				CLANG_WARN_EMPTY_BODY = YES;
				CLANG_WARN_ENUM_CONVERSION = YES;
				CLANG_WARN_INFINITE_RECURSION = YES;
				CLANG_WARN_INT_CONVERSION = YES;
				CLANG_WARN_NON_LITERAL_NULL_CONVERSION = YES;
				CLANG_WARN_OBJC_IMPLICIT_RETAIN_SELF = YES;
				CLANG_WARN_OBJC_LITERAL_CONVERSION = YES;
				CLANG_WARN_OBJC_ROOT_CLASS = YES_ERROR;
				CLANG_WARN_QUOTED_INCLUDE_IN_FRAMEWORK_HEADER = YES;
				CLANG_WARN_RANGE_LOOP_ANALYSIS = YES;
				CLANG_WARN_STRICT_PROTOTYPES = YES;
				CLANG_WARN_SUSPICIOUS_MOVE = YES;
				CLANG_WARN_UNGUARDED_AVAILABILITY = YES_AGGRESSIVE;
				CLANG_WARN_UNREACHABLE_CODE = YES;
				CLANG_WARN__DUPLICATE_METHOD_MATCH = YES;
				COPY_PHASE_STRIP = NO;
				DEBUG_INFORMATION_FORMAT = "dwarf-with-dsym";
				ENABLE_NS_ASSERTIONS = NO;
				ENABLE_STRICT_OBJC_MSGSEND = YES;
				GCC_C_LANGUAGE_STANDARD = gnu11;
				GCC_NO_COMMON_BLOCKS = YES;
				GCC_WARN_64_TO_32_BIT_CONVERSION = YES;
				GCC_WARN_ABOUT_RETURN_TYPE = YES_ERROR;
				GCC_WARN_UNDECLARED_SELECTOR = YES;
				GCC_WARN_UNINITIALIZED_AUTOS = YES_AGGRESSIVE;
				GCC_WARN_UNUSED_FUNCTION = YES;
				GCC_WARN_UNUSED_VARIABLE = YES;
				IPHONEOS_DEPLOYMENT_TARGET = 14.0;
				MTL_ENABLE_DEBUG_INFO = NO;
				MTL_FAST_MATH = YES;
				SWIFT_COMPILATION_MODE = wholemodule;
				SWIFT_EMIT_LOC_STRINGS = YES;
				SWIFT_OPTIMIZATION_LEVEL = "-O";
				TVOS_DEPLOYMENT_TARGET = 14.0;
			};
			name = Release;
		};
		D0840007291670FB00465873 /* Debug */ = {
			isa = XCBuildConfiguration;
			baseConfigurationReference = 5C44411DDFA630FC91D74376 /* Pods-One Store Player.debug.xcconfig */;
			buildSettings = {
				ASSETCATALOG_COMPILER_APPICON_NAME = AppIcon;
				ASSETCATALOG_COMPILER_GLOBAL_ACCENT_COLOR_NAME = AccentColor;
				CODE_SIGN_ENTITLEMENTS = "One Store Player/One_Store_Player.entitlements";
				CODE_SIGN_STYLE = Automatic;
				CURRENT_PROJECT_VERSION = 1;
				DEVELOPMENT_ASSET_PATHS = "\"One Store Player/Preview Content\"";
				DEVELOPMENT_TEAM = 8TRWBBRCRY;
				ENABLE_HARDENED_RUNTIME = YES;
				ENABLE_PREVIEWS = YES;
				GENERATE_INFOPLIST_FILE = YES;
				INFOPLIST_FILE = "One-Store-Player-Info.plist";
				"INFOPLIST_KEY_UIApplicationSceneManifest_Generation[sdk=iphoneos*]" = YES;
				"INFOPLIST_KEY_UIApplicationSceneManifest_Generation[sdk=iphonesimulator*]" = YES;
				"INFOPLIST_KEY_UIApplicationSupportsIndirectInputEvents[sdk=iphoneos*]" = YES;
				"INFOPLIST_KEY_UIApplicationSupportsIndirectInputEvents[sdk=iphonesimulator*]" = YES;
				"INFOPLIST_KEY_UILaunchScreen_Generation[sdk=iphoneos*]" = YES;
				"INFOPLIST_KEY_UILaunchScreen_Generation[sdk=iphonesimulator*]" = YES;
				"INFOPLIST_KEY_UIStatusBarStyle[sdk=iphoneos*]" = UIStatusBarStyleDefault;
				"INFOPLIST_KEY_UIStatusBarStyle[sdk=iphonesimulator*]" = UIStatusBarStyleDefault;
				INFOPLIST_KEY_UISupportedInterfaceOrientations = "UIInterfaceOrientationLandscapeLeft UIInterfaceOrientationLandscapeRight";
				INFOPLIST_KEY_UIUserInterfaceStyle = Light;
				IPHONEOS_DEPLOYMENT_TARGET = 15.0;
				LD_RUNPATH_SEARCH_PATHS = "$(inherited)";
				MACOSX_DEPLOYMENT_TARGET = 11.0;
				MARKETING_VERSION = 1.0;
				PRODUCT_BUNDLE_IDENTIFIER = "com.iOSAPP.One-Store-Player";
				PRODUCT_NAME = "$(TARGET_NAME)";
				SDKROOT = auto;
				SUPPORTED_PLATFORMS = "appletvos appletvsimulator iphoneos iphonesimulator";
				SUPPORTS_MACCATALYST = NO;
				SUPPORTS_MAC_DESIGNED_FOR_IPHONE_IPAD = NO;
				SWIFT_EMIT_LOC_STRINGS = YES;
				SWIFT_VERSION = 5.0;
				TARGETED_DEVICE_FAMILY = "1,2,3";
				TVOS_DEPLOYMENT_TARGET = 14.0;
			};
			name = Debug;
		};
		D0840008291670FB00465873 /* Release */ = {
			isa = XCBuildConfiguration;
			baseConfigurationReference = 518278E8058BA536750BD0A2 /* Pods-One Store Player.release.xcconfig */;
			buildSettings = {
				ASSETCATALOG_COMPILER_APPICON_NAME = AppIcon;
				ASSETCATALOG_COMPILER_GLOBAL_ACCENT_COLOR_NAME = AccentColor;
				CODE_SIGN_ENTITLEMENTS = "One Store Player/One_Store_Player.entitlements";
				CODE_SIGN_STYLE = Automatic;
				CURRENT_PROJECT_VERSION = 1;
				DEVELOPMENT_ASSET_PATHS = "\"One Store Player/Preview Content\"";
				DEVELOPMENT_TEAM = 8TRWBBRCRY;
				ENABLE_HARDENED_RUNTIME = YES;
				ENABLE_PREVIEWS = YES;
				GENERATE_INFOPLIST_FILE = YES;
				INFOPLIST_FILE = "One-Store-Player-Info.plist";
				"INFOPLIST_KEY_UIApplicationSceneManifest_Generation[sdk=iphoneos*]" = YES;
				"INFOPLIST_KEY_UIApplicationSceneManifest_Generation[sdk=iphonesimulator*]" = YES;
				"INFOPLIST_KEY_UIApplicationSupportsIndirectInputEvents[sdk=iphoneos*]" = YES;
				"INFOPLIST_KEY_UIApplicationSupportsIndirectInputEvents[sdk=iphonesimulator*]" = YES;
				"INFOPLIST_KEY_UILaunchScreen_Generation[sdk=iphoneos*]" = YES;
				"INFOPLIST_KEY_UILaunchScreen_Generation[sdk=iphonesimulator*]" = YES;
				"INFOPLIST_KEY_UIStatusBarStyle[sdk=iphoneos*]" = UIStatusBarStyleDefault;
				"INFOPLIST_KEY_UIStatusBarStyle[sdk=iphonesimulator*]" = UIStatusBarStyleDefault;
				INFOPLIST_KEY_UISupportedInterfaceOrientations = "UIInterfaceOrientationLandscapeLeft UIInterfaceOrientationLandscapeRight";
				INFOPLIST_KEY_UIUserInterfaceStyle = Light;
				IPHONEOS_DEPLOYMENT_TARGET = 15.0;
				LD_RUNPATH_SEARCH_PATHS = "$(inherited)";
				MACOSX_DEPLOYMENT_TARGET = 11.0;
				MARKETING_VERSION = 1.0;
				PRODUCT_BUNDLE_IDENTIFIER = "com.iOSAPP.One-Store-Player";
				PRODUCT_NAME = "$(TARGET_NAME)";
				SDKROOT = auto;
				SUPPORTED_PLATFORMS = "appletvos appletvsimulator iphoneos iphonesimulator";
				SUPPORTS_MACCATALYST = NO;
				SUPPORTS_MAC_DESIGNED_FOR_IPHONE_IPAD = NO;
				SWIFT_EMIT_LOC_STRINGS = YES;
				SWIFT_VERSION = 5.0;
				TARGETED_DEVICE_FAMILY = "1,2,3";
				TVOS_DEPLOYMENT_TARGET = 14.0;
			};
			name = Release;
		};
/* End XCBuildConfiguration section */

/* Begin XCConfigurationList section */
		D0840006291670FB00465873 /* Build configuration list for PBXNativeTarget "One Store Player" */ = {
			isa = XCConfigurationList;
			buildConfigurations = (
				D0840007291670FB00465873 /* Debug */,
				D0840008291670FB00465873 /* Release */,
			);
			defaultConfigurationIsVisible = 0;
			defaultConfigurationName = Release;
		};
		D084FFF2291670F900465873 /* Build configuration list for PBXProject "One Store Player" */ = {
			isa = XCConfigurationList;
			buildConfigurations = (
				D0840004291670FB00465873 /* Debug */,
				D0840005291670FB00465873 /* Release */,
			);
			defaultConfigurationIsVisible = 0;
			defaultConfigurationName = Release;
		};
/* End XCConfigurationList section */

/* Begin XCRemoteSwiftPackageReference section */
		D003EB0F294CC8B100D625B8 /* XCRemoteSwiftPackageReference "XMLMapper" */ = {
			isa = XCRemoteSwiftPackageReference;
			repositoryURL = "https://github.com/gcharita/XMLMapper.git";
			requirement = {
				kind = upToNextMajorVersion;
				minimumVersion = 2.0.0;
			};
		};
		D0424C912951F78200CC316A /* XCRemoteSwiftPackageReference "ToastUI" */ = {
			isa = XCRemoteSwiftPackageReference;
			repositoryURL = "https://github.com/quanshousio/ToastUI.git";
			requirement = {
				kind = upToNextMajorVersion;
				minimumVersion = 3.0.0;
			};
		};
		D08632192948A1200088142B /* XCRemoteSwiftPackageReference "SDWebImageSwiftUI" */ = {
			isa = XCRemoteSwiftPackageReference;
			repositoryURL = "https://github.com/SDWebImage/SDWebImageSwiftUI.git";
			requirement = {
				branch = master;
				kind = branch;
			};
		};
/* End XCRemoteSwiftPackageReference section */

/* Begin XCSwiftPackageProductDependency section */
		D003EB10294CC8B100D625B8 /* XMLMapper */ = {
			isa = XCSwiftPackageProductDependency;
			package = D003EB0F294CC8B100D625B8 /* XCRemoteSwiftPackageReference "XMLMapper" */;
			productName = XMLMapper;
		};
		D0424C922951F78200CC316A /* ToastUI */ = {
			isa = XCSwiftPackageProductDependency;
			package = D0424C912951F78200CC316A /* XCRemoteSwiftPackageReference "ToastUI" */;
			productName = ToastUI;
		};
		D086321A2948A1200088142B /* SDWebImageSwiftUI */ = {
			isa = XCSwiftPackageProductDependency;
			package = D08632192948A1200088142B /* XCRemoteSwiftPackageReference "SDWebImageSwiftUI" */;
			productName = SDWebImageSwiftUI;
		};
/* End XCSwiftPackageProductDependency section */
	};
	rootObject = D084FFEF291670F900465873 /* Project object */;
}
